// !$*UTF8*$!
{
	archiveVersion = 1;
	classes = {
	};
	objectVersion = 50;
	objects = {

/* Begin PBXBuildFile section */
		6AA5DD082282ECCD00162B99 /* AppDelegate.swift in Sources */ = {isa = PBXBuildFile; fileRef = 6AA5DD072282ECCD00162B99 /* AppDelegate.swift */; };
		6AA5DD0A2282ECCD00162B99 /* LoginViewController.swift in Sources */ = {isa = PBXBuildFile; fileRef = 6AA5DD092282ECCD00162B99 /* LoginViewController.swift */; };
		6AA5DD0D2282ECCD00162B99 /* Main.storyboard in Resources */ = {isa = PBXBuildFile; fileRef = 6AA5DD0B2282ECCD00162B99 /* Main.storyboard */; };
		6AA5DD0F2282ECD000162B99 /* Assets.xcassets in Resources */ = {isa = PBXBuildFile; fileRef = 6AA5DD0E2282ECD000162B99 /* Assets.xcassets */; };
		6AA5DD122282ECD000162B99 /* LaunchScreen.storyboard in Resources */ = {isa = PBXBuildFile; fileRef = 6AA5DD102282ECD000162B99 /* LaunchScreen.storyboard */; };
		6AA5DD1D2282ECD000162B99 /* MyProfilePageTests.swift in Sources */ = {isa = PBXBuildFile; fileRef = 6AA5DD1C2282ECD000162B99 /* MyProfilePageTests.swift */; };
		6AA5DD282282ECD000162B99 /* MyProfilePageUITests.swift in Sources */ = {isa = PBXBuildFile; fileRef = 6AA5DD272282ECD000162B99 /* MyProfilePageUITests.swift */; };
		6AA5DD3A2282EF7D00162B99 /* CurrentUser.swift in Sources */ = {isa = PBXBuildFile; fileRef = 6AA5DD372282EF7D00162B99 /* CurrentUser.swift */; };
		6AA5DD3B2282EF7E00162B99 /* userdata.json in Resources */ = {isa = PBXBuildFile; fileRef = 6AA5DD382282EF7D00162B99 /* userdata.json */; };
		6AA5DD3C2282EF7E00162B99 /* Person.swift in Sources */ = {isa = PBXBuildFile; fileRef = 6AA5DD392282EF7D00162B99 /* Person.swift */; };
		6AA5DD442282F09900162B99 /* TableViewCellHeader.xib in Resources */ = {isa = PBXBuildFile; fileRef = 6AA5DD3D2282F09800162B99 /* TableViewCellHeader.xib */; };
		6AA5DD452282F09900162B99 /* SegmentedTableViewCell.swift in Sources */ = {isa = PBXBuildFile; fileRef = 6AA5DD3E2282F09800162B99 /* SegmentedTableViewCell.swift */; };
		6AA5DD462282F09900162B99 /* SegmentedTableViewCell.xib in Resources */ = {isa = PBXBuildFile; fileRef = 6AA5DD3F2282F09800162B99 /* SegmentedTableViewCell.xib */; };
		6AA5DD472282F09900162B99 /* TableViewCellHeader.swift in Sources */ = {isa = PBXBuildFile; fileRef = 6AA5DD402282F09800162B99 /* TableViewCellHeader.swift */; };
		6AA5DD482282F09900162B99 /* TableViewCellCourses.xib in Resources */ = {isa = PBXBuildFile; fileRef = 6AA5DD412282F09800162B99 /* TableViewCellCourses.xib */; };
		6AA5DD492282F09900162B99 /* ProfileTableViewController.swift in Sources */ = {isa = PBXBuildFile; fileRef = 6AA5DD422282F09800162B99 /* ProfileTableViewController.swift */; };
		6AA5DD4A2282F09900162B99 /* TableViewCellCourses.swift in Sources */ = {isa = PBXBuildFile; fileRef = 6AA5DD432282F09800162B99 /* TableViewCellCourses.swift */; };
/* End PBXBuildFile section */

/* Begin PBXContainerItemProxy section */
		6AA5DD192282ECD000162B99 /* PBXContainerItemProxy */ = {
			isa = PBXContainerItemProxy;
			containerPortal = 6AA5DCFC2282ECCD00162B99 /* Project object */;
			proxyType = 1;
			remoteGlobalIDString = 6AA5DD032282ECCD00162B99;
			remoteInfo = MyProfilePage;
		};
		6AA5DD242282ECD000162B99 /* PBXContainerItemProxy */ = {
			isa = PBXContainerItemProxy;
			containerPortal = 6AA5DCFC2282ECCD00162B99 /* Project object */;
			proxyType = 1;
			remoteGlobalIDString = 6AA5DD032282ECCD00162B99;
			remoteInfo = MyProfilePage;
		};
/* End PBXContainerItemProxy section */

/* Begin PBXFileReference section */
		6AA5DD042282ECCD00162B99 /* MyProfilePage.app */ = {isa = PBXFileReference; explicitFileType = wrapper.application; includeInIndex = 0; path = MyProfilePage.app; sourceTree = BUILT_PRODUCTS_DIR; };
		6AA5DD072282ECCD00162B99 /* AppDelegate.swift */ = {isa = PBXFileReference; lastKnownFileType = sourcecode.swift; path = AppDelegate.swift; sourceTree = "<group>"; };
		6AA5DD092282ECCD00162B99 /* LoginViewController.swift */ = {isa = PBXFileReference; lastKnownFileType = sourcecode.swift; path = LoginViewController.swift; sourceTree = "<group>"; };
		6AA5DD0C2282ECCD00162B99 /* Base */ = {isa = PBXFileReference; lastKnownFileType = file.storyboard; name = Base; path = Base.lproj/Main.storyboard; sourceTree = "<group>"; };
		6AA5DD0E2282ECD000162B99 /* Assets.xcassets */ = {isa = PBXFileReference; lastKnownFileType = folder.assetcatalog; path = Assets.xcassets; sourceTree = "<group>"; };
		6AA5DD112282ECD000162B99 /* Base */ = {isa = PBXFileReference; lastKnownFileType = file.storyboard; name = Base; path = Base.lproj/LaunchScreen.storyboard; sourceTree = "<group>"; };
		6AA5DD132282ECD000162B99 /* Info.plist */ = {isa = PBXFileReference; lastKnownFileType = text.plist.xml; path = Info.plist; sourceTree = "<group>"; };
		6AA5DD182282ECD000162B99 /* MyProfilePageTests.xctest */ = {isa = PBXFileReference; explicitFileType = wrapper.cfbundle; includeInIndex = 0; path = MyProfilePageTests.xctest; sourceTree = BUILT_PRODUCTS_DIR; };
		6AA5DD1C2282ECD000162B99 /* MyProfilePageTests.swift */ = {isa = PBXFileReference; lastKnownFileType = sourcecode.swift; path = MyProfilePageTests.swift; sourceTree = "<group>"; };
		6AA5DD1E2282ECD000162B99 /* Info.plist */ = {isa = PBXFileReference; lastKnownFileType = text.plist.xml; path = Info.plist; sourceTree = "<group>"; };
		6AA5DD232282ECD000162B99 /* MyProfilePageUITests.xctest */ = {isa = PBXFileReference; explicitFileType = wrapper.cfbundle; includeInIndex = 0; path = MyProfilePageUITests.xctest; sourceTree = BUILT_PRODUCTS_DIR; };
		6AA5DD272282ECD000162B99 /* MyProfilePageUITests.swift */ = {isa = PBXFileReference; lastKnownFileType = sourcecode.swift; path = MyProfilePageUITests.swift; sourceTree = "<group>"; };
		6AA5DD292282ECD000162B99 /* Info.plist */ = {isa = PBXFileReference; lastKnownFileType = text.plist.xml; path = Info.plist; sourceTree = "<group>"; };
		6AA5DD372282EF7D00162B99 /* CurrentUser.swift */ = {isa = PBXFileReference; fileEncoding = 4; lastKnownFileType = sourcecode.swift; path = CurrentUser.swift; sourceTree = "<group>"; };
		6AA5DD382282EF7D00162B99 /* userdata.json */ = {isa = PBXFileReference; fileEncoding = 4; lastKnownFileType = text.json; path = userdata.json; sourceTree = "<group>"; };
		6AA5DD392282EF7D00162B99 /* Person.swift */ = {isa = PBXFileReference; fileEncoding = 4; lastKnownFileType = sourcecode.swift; path = Person.swift; sourceTree = "<group>"; };
		6AA5DD3D2282F09800162B99 /* TableViewCellHeader.xib */ = {isa = PBXFileReference; fileEncoding = 4; lastKnownFileType = file.xib; name = TableViewCellHeader.xib; path = Profile/TableViewCellHeader.xib; sourceTree = "<group>"; };
		6AA5DD3E2282F09800162B99 /* SegmentedTableViewCell.swift */ = {isa = PBXFileReference; fileEncoding = 4; lastKnownFileType = sourcecode.swift; name = SegmentedTableViewCell.swift; path = Profile/SegmentedTableViewCell.swift; sourceTree = "<group>"; };
		6AA5DD3F2282F09800162B99 /* SegmentedTableViewCell.xib */ = {isa = PBXFileReference; fileEncoding = 4; lastKnownFileType = file.xib; name = SegmentedTableViewCell.xib; path = Profile/SegmentedTableViewCell.xib; sourceTree = "<group>"; };
		6AA5DD402282F09800162B99 /* TableViewCellHeader.swift */ = {isa = PBXFileReference; fileEncoding = 4; lastKnownFileType = sourcecode.swift; name = TableViewCellHeader.swift; path = Profile/TableViewCellHeader.swift; sourceTree = "<group>"; };
		6AA5DD412282F09800162B99 /* TableViewCellCourses.xib */ = {isa = PBXFileReference; fileEncoding = 4; lastKnownFileType = file.xib; name = TableViewCellCourses.xib; path = Profile/TableViewCellCourses.xib; sourceTree = "<group>"; };
		6AA5DD422282F09800162B99 /* ProfileTableViewController.swift */ = {isa = PBXFileReference; fileEncoding = 4; lastKnownFileType = sourcecode.swift; name = ProfileTableViewController.swift; path = Profile/ProfileTableViewController.swift; sourceTree = "<group>"; };
		6AA5DD432282F09800162B99 /* TableViewCellCourses.swift */ = {isa = PBXFileReference; fileEncoding = 4; lastKnownFileType = sourcecode.swift; name = TableViewCellCourses.swift; path = Profile/TableViewCellCourses.swift; sourceTree = "<group>"; };
/* End PBXFileReference section */

/* Begin PBXFrameworksBuildPhase section */
		6AA5DD012282ECCD00162B99 /* Frameworks */ = {
			isa = PBXFrameworksBuildPhase;
			buildActionMask = 2147483647;
			files = (
			);
			runOnlyForDeploymentPostprocessing = 0;
		};
		6AA5DD152282ECD000162B99 /* Frameworks */ = {
			isa = PBXFrameworksBuildPhase;
			buildActionMask = 2147483647;
			files = (
			);
			runOnlyForDeploymentPostprocessing = 0;
		};
		6AA5DD202282ECD000162B99 /* Frameworks */ = {
			isa = PBXFrameworksBuildPhase;
			buildActionMask = 2147483647;
			files = (
			);
			runOnlyForDeploymentPostprocessing = 0;
		};
/* End PBXFrameworksBuildPhase section */

/* Begin PBXGroup section */
		6AA5DCFB2282ECCD00162B99 = {
			isa = PBXGroup;
			children = (
				6AA5DD062282ECCD00162B99 /* MyProfilePage */,
				6AA5DD1B2282ECD000162B99 /* MyProfilePageTests */,
				6AA5DD262282ECD000162B99 /* MyProfilePageUITests */,
				6AA5DD052282ECCD00162B99 /* Products */,
			);
			sourceTree = "<group>";
		};
		6AA5DD052282ECCD00162B99 /* Products */ = {
			isa = PBXGroup;
			children = (
				6AA5DD042282ECCD00162B99 /* MyProfilePage.app */,
				6AA5DD182282ECD000162B99 /* MyProfilePageTests.xctest */,
				6AA5DD232282ECD000162B99 /* MyProfilePageUITests.xctest */,
			);
			name = Products;
			sourceTree = "<group>";
		};
		6AA5DD062282ECCD00162B99 /* MyProfilePage */ = {
			isa = PBXGroup;
			children = (
				6AA5DD072282ECCD00162B99 /* AppDelegate.swift */,
				6AA5DD092282ECCD00162B99 /* LoginViewController.swift */,
				6AA5DD422282F09800162B99 /* ProfileTableViewController.swift */,
				6AA5DD3E2282F09800162B99 /* SegmentedTableViewCell.swift */,
				6AA5DD3F2282F09800162B99 /* SegmentedTableViewCell.xib */,
				6AA5DD432282F09800162B99 /* TableViewCellCourses.swift */,
				6AA5DD412282F09800162B99 /* TableViewCellCourses.xib */,
				6AA5DD402282F09800162B99 /* TableViewCellHeader.swift */,
				6AA5DD3D2282F09800162B99 /* TableViewCellHeader.xib */,
				6AA5DD372282EF7D00162B99 /* CurrentUser.swift */,
				6AA5DD392282EF7D00162B99 /* Person.swift */,
				6AA5DD382282EF7D00162B99 /* userdata.json */,
				6AA5DD0B2282ECCD00162B99 /* Main.storyboard */,
				6AA5DD0E2282ECD000162B99 /* Assets.xcassets */,
				6AA5DD102282ECD000162B99 /* LaunchScreen.storyboard */,
				6AA5DD132282ECD000162B99 /* Info.plist */,
			);
			path = MyProfilePage;
			sourceTree = "<group>";
		};
		6AA5DD1B2282ECD000162B99 /* MyProfilePageTests */ = {
			isa = PBXGroup;
			children = (
				6AA5DD1C2282ECD000162B99 /* MyProfilePageTests.swift */,
				6AA5DD1E2282ECD000162B99 /* Info.plist */,
			);
			path = MyProfilePageTests;
			sourceTree = "<group>";
		};
		6AA5DD262282ECD000162B99 /* MyProfilePageUITests */ = {
			isa = PBXGroup;
			children = (
				6AA5DD272282ECD000162B99 /* MyProfilePageUITests.swift */,
				6AA5DD292282ECD000162B99 /* Info.plist */,
			);
			path = MyProfilePageUITests;
			sourceTree = "<group>";
		};
/* End PBXGroup section */

/* Begin PBXNativeTarget section */
		6AA5DD032282ECCD00162B99 /* MyProfilePage */ = {
			isa = PBXNativeTarget;
			buildConfigurationList = 6AA5DD2C2282ECD000162B99 /* Build configuration list for PBXNativeTarget "MyProfilePage" */;
			buildPhases = (
				6AA5DD002282ECCD00162B99 /* Sources */,
				6AA5DD012282ECCD00162B99 /* Frameworks */,
				6AA5DD022282ECCD00162B99 /* Resources */,
			);
			buildRules = (
			);
			dependencies = (
			);
			name = MyProfilePage;
			productName = MyProfilePage;
			productReference = 6AA5DD042282ECCD00162B99 /* MyProfilePage.app */;
			productType = "com.apple.product-type.application";
		};
		6AA5DD172282ECD000162B99 /* MyProfilePageTests */ = {
			isa = PBXNativeTarget;
			buildConfigurationList = 6AA5DD2F2282ECD000162B99 /* Build configuration list for PBXNativeTarget "MyProfilePageTests" */;
			buildPhases = (
				6AA5DD142282ECD000162B99 /* Sources */,
				6AA5DD152282ECD000162B99 /* Frameworks */,
				6AA5DD162282ECD000162B99 /* Resources */,
			);
			buildRules = (
			);
			dependencies = (
				6AA5DD1A2282ECD000162B99 /* PBXTargetDependency */,
			);
			name = MyProfilePageTests;
			productName = MyProfilePageTests;
			productReference = 6AA5DD182282ECD000162B99 /* MyProfilePageTests.xctest */;
			productType = "com.apple.product-type.bundle.unit-test";
		};
		6AA5DD222282ECD000162B99 /* MyProfilePageUITests */ = {
			isa = PBXNativeTarget;
			buildConfigurationList = 6AA5DD322282ECD000162B99 /* Build configuration list for PBXNativeTarget "MyProfilePageUITests" */;
			buildPhases = (
				6AA5DD1F2282ECD000162B99 /* Sources */,
				6AA5DD202282ECD000162B99 /* Frameworks */,
				6AA5DD212282ECD000162B99 /* Resources */,
			);
			buildRules = (
			);
			dependencies = (
				6AA5DD252282ECD000162B99 /* PBXTargetDependency */,
			);
			name = MyProfilePageUITests;
			productName = MyProfilePageUITests;
			productReference = 6AA5DD232282ECD000162B99 /* MyProfilePageUITests.xctest */;
			productType = "com.apple.product-type.bundle.ui-testing";
		};
/* End PBXNativeTarget section */

/* Begin PBXProject section */
		6AA5DCFC2282ECCD00162B99 /* Project object */ = {
			isa = PBXProject;
			attributes = {
				LastSwiftUpdateCheck = 1010;
				LastUpgradeCheck = 1010;
				ORGANIZATIONNAME = iosdev;
				TargetAttributes = {
					6AA5DD032282ECCD00162B99 = {
						CreatedOnToolsVersion = 10.1;
					};
					6AA5DD172282ECD000162B99 = {
						CreatedOnToolsVersion = 10.1;
						TestTargetID = 6AA5DD032282ECCD00162B99;
					};
					6AA5DD222282ECD000162B99 = {
						CreatedOnToolsVersion = 10.1;
						TestTargetID = 6AA5DD032282ECCD00162B99;
					};
				};
			};
			buildConfigurationList = 6AA5DCFF2282ECCD00162B99 /* Build configuration list for PBXProject "MyProfilePage" */;
			compatibilityVersion = "Xcode 9.3";
			developmentRegion = en;
			hasScannedForEncodings = 0;
			knownRegions = (
				en,
				Base,
			);
			mainGroup = 6AA5DCFB2282ECCD00162B99;
			productRefGroup = 6AA5DD052282ECCD00162B99 /* Products */;
			projectDirPath = "";
			projectRoot = "";
			targets = (
				6AA5DD032282ECCD00162B99 /* MyProfilePage */,
				6AA5DD172282ECD000162B99 /* MyProfilePageTests */,
				6AA5DD222282ECD000162B99 /* MyProfilePageUITests */,
			);
		};
/* End PBXProject section */

/* Begin PBXResourcesBuildPhase section */
		6AA5DD022282ECCD00162B99 /* Resources */ = {
			isa = PBXResourcesBuildPhase;
			buildActionMask = 2147483647;
			files = (
				6AA5DD462282F09900162B99 /* SegmentedTableViewCell.xib in Resources */,
				6AA5DD482282F09900162B99 /* TableViewCellCourses.xib in Resources */,
				6AA5DD122282ECD000162B99 /* LaunchScreen.storyboard in Resources */,
				6AA5DD442282F09900162B99 /* TableViewCellHeader.xib in Resources */,
				6AA5DD0F2282ECD000162B99 /* Assets.xcassets in Resources */,
				6AA5DD3B2282EF7E00162B99 /* userdata.json in Resources */,
				6AA5DD0D2282ECCD00162B99 /* Main.storyboard in Resources */,
			);
			runOnlyForDeploymentPostprocessing = 0;
		};
		6AA5DD162282ECD000162B99 /* Resources */ = {
			isa = PBXResourcesBuildPhase;
			buildActionMask = 2147483647;
			files = (
			);
			runOnlyForDeploymentPostprocessing = 0;
		};
		6AA5DD212282ECD000162B99 /* Resources */ = {
			isa = PBXResourcesBuildPhase;
			buildActionMask = 2147483647;
			files = (
			);
			runOnlyForDeploymentPostprocessing = 0;
		};
/* End PBXResourcesBuildPhase section */

/* Begin PBXSourcesBuildPhase section */
		6AA5DD002282ECCD00162B99 /* Sources */ = {
			isa = PBXSourcesBuildPhase;
			buildActionMask = 2147483647;
			files = (
				6AA5DD492282F09900162B99 /* ProfileTableViewController.swift in Sources */,
				6AA5DD452282F09900162B99 /* SegmentedTableViewCell.swift in Sources */,
				6AA5DD0A2282ECCD00162B99 /* LoginViewController.swift in Sources */,
				6AA5DD3A2282EF7D00162B99 /* CurrentUser.swift in Sources */,
				6AA5DD4A2282F09900162B99 /* TableViewCellCourses.swift in Sources */,
				6AA5DD3C2282EF7E00162B99 /* Person.swift in Sources */,
				6AA5DD472282F09900162B99 /* TableViewCellHeader.swift in Sources */,
				6AA5DD082282ECCD00162B99 /* AppDelegate.swift in Sources */,
			);
			runOnlyForDeploymentPostprocessing = 0;
		};
		6AA5DD142282ECD000162B99 /* Sources */ = {
			isa = PBXSourcesBuildPhase;
			buildActionMask = 2147483647;
			files = (
				6AA5DD1D2282ECD000162B99 /* MyProfilePageTests.swift in Sources */,
			);
			runOnlyForDeploymentPostprocessing = 0;
		};
		6AA5DD1F2282ECD000162B99 /* Sources */ = {
			isa = PBXSourcesBuildPhase;
			buildActionMask = 2147483647;
			files = (
				6AA5DD282282ECD000162B99 /* MyProfilePageUITests.swift in Sources */,
			);
			runOnlyForDeploymentPostprocessing = 0;
		};
/* End PBXSourcesBuildPhase section */

/* Begin PBXTargetDependency section */
		6AA5DD1A2282ECD000162B99 /* PBXTargetDependency */ = {
			isa = PBXTargetDependency;
			target = 6AA5DD032282ECCD00162B99 /* MyProfilePage */;
			targetProxy = 6AA5DD192282ECD000162B99 /* PBXContainerItemProxy */;
		};
		6AA5DD252282ECD000162B99 /* PBXTargetDependency */ = {
			isa = PBXTargetDependency;
			target = 6AA5DD032282ECCD00162B99 /* MyProfilePage */;
			targetProxy = 6AA5DD242282ECD000162B99 /* PBXContainerItemProxy */;
		};
/* End PBXTargetDependency section */

/* Begin PBXVariantGroup section */
		6AA5DD0B2282ECCD00162B99 /* Main.storyboard */ = {
			isa = PBXVariantGroup;
			children = (
				6AA5DD0C2282ECCD00162B99 /* Base */,
			);
			name = Main.storyboard;
			sourceTree = "<group>";
		};
		6AA5DD102282ECD000162B99 /* LaunchScreen.storyboard */ = {
			isa = PBXVariantGroup;
			children = (
				6AA5DD112282ECD000162B99 /* Base */,
			);
			name = LaunchScreen.storyboard;
			sourceTree = "<group>";
		};
/* End PBXVariantGroup section */

/* Begin XCBuildConfiguration section */
		6AA5DD2A2282ECD000162B99 /* Debug */ = {
			isa = XCBuildConfiguration;
			buildSettings = {
				ALWAYS_SEARCH_USER_PATHS = NO;
				CLANG_ANALYZER_NONNULL = YES;
				CLANG_ANALYZER_NUMBER_OBJECT_CONVERSION = YES_AGGRESSIVE;
				CLANG_CXX_LANGUAGE_STANDARD = "gnu++14";
				CLANG_CXX_LIBRARY = "libc++";
				CLANG_ENABLE_MODULES = YES;
				CLANG_ENABLE_OBJC_ARC = YES;
				CLANG_ENABLE_OBJC_WEAK = YES;
				CLANG_WARN_BLOCK_CAPTURE_AUTORELEASING = YES;
				CLANG_WARN_BOOL_CONVERSION = YES;
				CLANG_WARN_COMMA = YES;
				CLANG_WARN_CONSTANT_CONVERSION = YES;
				CLANG_WARN_DEPRECATED_OBJC_IMPLEMENTATIONS = YES;
				CLANG_WARN_DIRECT_OBJC_ISA_USAGE = YES_ERROR;
				CLANG_WARN_DOCUMENTATION_COMMENTS = YES;
				CLANG_WARN_EMPTY_BODY = YES;
				CLANG_WARN_ENUM_CONVERSION = YES;
				CLANG_WARN_INFINITE_RECURSION = YES;
				CLANG_WARN_INT_CONVERSION = YES;
				CLANG_WARN_NON_LITERAL_NULL_CONVERSION = YES;
				CLANG_WARN_OBJC_IMPLICIT_RETAIN_SELF = YES;
				CLANG_WARN_OBJC_LITERAL_CONVERSION = YES;
				CLANG_WARN_OBJC_ROOT_CLASS = YES_ERROR;
				CLANG_WARN_RANGE_LOOP_ANALYSIS = YES;
				CLANG_WARN_STRICT_PROTOTYPES = YES;
				CLANG_WARN_SUSPICIOUS_MOVE = YES;
				CLANG_WARN_UNGUARDED_AVAILABILITY = YES_AGGRESSIVE;
				CLANG_WARN_UNREACHABLE_CODE = YES;
				CLANG_WARN__DUPLICATE_METHOD_MATCH = YES;
				CODE_SIGN_IDENTITY = "iPhone Developer";
				COPY_PHASE_STRIP = NO;
				DEBUG_INFORMATION_FORMAT = dwarf;
				ENABLE_STRICT_OBJC_MSGSEND = YES;
				ENABLE_TESTABILITY = YES;
				GCC_C_LANGUAGE_STANDARD = gnu11;
				GCC_DYNAMIC_NO_PIC = NO;
				GCC_NO_COMMON_BLOCKS = YES;
				GCC_OPTIMIZATION_LEVEL = 0;
				GCC_PREPROCESSOR_DEFINITIONS = (
					"DEBUG=1",
					"$(inherited)",
				);
				GCC_WARN_64_TO_32_BIT_CONVERSION = YES;
				GCC_WARN_ABOUT_RETURN_TYPE = YES_ERROR;
				GCC_WARN_UNDECLARED_SELECTOR = YES;
				GCC_WARN_UNINITIALIZED_AUTOS = YES_AGGRESSIVE;
				GCC_WARN_UNUSED_FUNCTION = YES;
				GCC_WARN_UNUSED_VARIABLE = YES;
				IPHONEOS_DEPLOYMENT_TARGET = 12.1;
				MTL_ENABLE_DEBUG_INFO = INCLUDE_SOURCE;
				MTL_FAST_MATH = YES;
				ONLY_ACTIVE_ARCH = YES;
				SDKROOT = iphoneos;
				SWIFT_ACTIVE_COMPILATION_CONDITIONS = DEBUG;
				SWIFT_OPTIMIZATION_LEVEL = "-Onone";
			};
			name = Debug;
		};
		6AA5DD2B2282ECD000162B99 /* Release */ = {
			isa = XCBuildConfiguration;
			buildSettings = {
				ALWAYS_SEARCH_USER_PATHS = NO;
				CLANG_ANALYZER_NONNULL = YES;
				CLANG_ANALYZER_NUMBER_OBJECT_CONVERSION = YES_AGGRESSIVE;
				CLANG_CXX_LANGUAGE_STANDARD = "gnu++14";
				CLANG_CXX_LIBRARY = "libc++";
				CLANG_ENABLE_MODULES = YES;
				CLANG_ENABLE_OBJC_ARC = YES;
				CLANG_ENABLE_OBJC_WEAK = YES;
				CLANG_WARN_BLOCK_CAPTURE_AUTORELEASING = YES;
				CLANG_WARN_BOOL_CONVERSION = YES;
				CLANG_WARN_COMMA = YES;
				CLANG_WARN_CONSTANT_CONVERSION = YES;
				CLANG_WARN_DEPRECATED_OBJC_IMPLEMENTATIONS = YES;
				CLANG_WARN_DIRECT_OBJC_ISA_USAGE = YES_ERROR;
				CLANG_WARN_DOCUMENTATION_COMMENTS = YES;
				CLANG_WARN_EMPTY_BODY = YES;
				CLANG_WARN_ENUM_CONVERSION = YES;
				CLANG_WARN_INFINITE_RECURSION = YES;
				CLANG_WARN_INT_CONVERSION = YES;
				CLANG_WARN_NON_LITERAL_NULL_CONVERSION = YES;
				CLANG_WARN_OBJC_IMPLICIT_RETAIN_SELF = YES;
				CLANG_WARN_OBJC_LITERAL_CONVERSION = YES;
				CLANG_WARN_OBJC_ROOT_CLASS = YES_ERROR;
				CLANG_WARN_RANGE_LOOP_ANALYSIS = YES;
				CLANG_WARN_STRICT_PROTOTYPES = YES;
				CLANG_WARN_SUSPICIOUS_MOVE = YES;
				CLANG_WARN_UNGUARDED_AVAILABILITY = YES_AGGRESSIVE;
				CLANG_WARN_UNREACHABLE_CODE = YES;
				CLANG_WARN__DUPLICATE_METHOD_MATCH = YES;
				CODE_SIGN_IDENTITY = "iPhone Developer";
				COPY_PHASE_STRIP = NO;
				DEBUG_INFORMATION_FORMAT = "dwarf-with-dsym";
				ENABLE_NS_ASSERTIONS = NO;
				ENABLE_STRICT_OBJC_MSGSEND = YES;
				GCC_C_LANGUAGE_STANDARD = gnu11;
				GCC_NO_COMMON_BLOCKS = YES;
				GCC_WARN_64_TO_32_BIT_CONVERSION = YES;
				GCC_WARN_ABOUT_RETURN_TYPE = YES_ERROR;
				GCC_WARN_UNDECLARED_SELECTOR = YES;
				GCC_WARN_UNINITIALIZED_AUTOS = YES_AGGRESSIVE;
				GCC_WARN_UNUSED_FUNCTION = YES;
				GCC_WARN_UNUSED_VARIABLE = YES;
				IPHONEOS_DEPLOYMENT_TARGET = 12.1;
				MTL_ENABLE_DEBUG_INFO = NO;
				MTL_FAST_MATH = YES;
				SDKROOT = iphoneos;
				SWIFT_COMPILATION_MODE = wholemodule;
				SWIFT_OPTIMIZATION_LEVEL = "-O";
				VALIDATE_PRODUCT = YES;
			};
			name = Release;
		};
		6AA5DD2D2282ECD000162B99 /* Debug */ = {
			isa = XCBuildConfiguration;
			buildSettings = {
				ASSETCATALOG_COMPILER_APPICON_NAME = AppIcon;
				CODE_SIGN_STYLE = Automatic;
				INFOPLIST_FILE = MyProfilePage/Info.plist;
				LD_RUNPATH_SEARCH_PATHS = (
					"$(inherited)",
					"@executable_path/Frameworks",
				);
				PRODUCT_BUNDLE_IDENTIFIER = metropolia.MyProfilePage;
				PRODUCT_NAME = "$(TARGET_NAME)";
				SWIFT_VERSION = 4.2;
				TARGETED_DEVICE_FAMILY = "1,2";
			};
			name = Debug;
		};
		6AA5DD2E2282ECD000162B99 /* Release */ = {
			isa = XCBuildConfiguration;
			buildSettings = {
				ASSETCATALOG_COMPILER_APPICON_NAME = AppIcon;
				CODE_SIGN_STYLE = Automatic;
				INFOPLIST_FILE = MyProfilePage/Info.plist;
				LD_RUNPATH_SEARCH_PATHS = (
					"$(inherited)",
					"@executable_path/Frameworks",
				);
				PRODUCT_BUNDLE_IDENTIFIER = metropolia.MyProfilePage;
				PRODUCT_NAME = "$(TARGET_NAME)";
				SWIFT_VERSION = 4.2;
				TARGETED_DEVICE_FAMILY = "1,2";
			};
			name = Release;
		};
		6AA5DD302282ECD000162B99 /* Debug */ = {
			isa = XCBuildConfiguration;
			buildSettings = {
				ALWAYS_EMBED_SWIFT_STANDARD_LIBRARIES = YES;
				BUNDLE_LOADER = "$(TEST_HOST)";
				CODE_SIGN_STYLE = Automatic;
				INFOPLIST_FILE = MyProfilePageTests/Info.plist;
				LD_RUNPATH_SEARCH_PATHS = (
					"$(inherited)",
					"@executable_path/Frameworks",
					"@loader_path/Frameworks",
				);
				PRODUCT_BUNDLE_IDENTIFIER = metropolia.MyProfilePageTests;
				PRODUCT_NAME = "$(TARGET_NAME)";
				SWIFT_VERSION = 4.2;
				TARGETED_DEVICE_FAMILY = "1,2";
				TEST_HOST = "$(BUILT_PRODUCTS_DIR)/MyProfilePage.app/MyProfilePage";
			};
			name = Debug;
		};
		6AA5DD312282ECD000162B99 /* Release */ = {
			isa = XCBuildConfiguration;
			buildSettings = {
				ALWAYS_EMBED_SWIFT_STANDARD_LIBRARIES = YES;
				BUNDLE_LOADER = "$(TEST_HOST)";
				CODE_SIGN_STYLE = Automatic;
				INFOPLIST_FILE = MyProfilePageTests/Info.plist;
				LD_RUNPATH_SEARCH_PATHS = (
					"$(inherited)",
					"@executable_path/Frameworks",
					"@loader_path/Frameworks",
				);
				PRODUCT_BUNDLE_IDENTIFIER = metropolia.MyProfilePageTests;
				PRODUCT_NAME = "$(TARGET_NAME)";
				SWIFT_VERSION = 4.2;
				TARGETED_DEVICE_FAMILY = "1,2";
				TEST_HOST = "$(BUILT_PRODUCTS_DIR)/MyProfilePage.app/MyProfilePage";
			};
			name = Release;
		};
		6AA5DD332282ECD000162B99 /* Debug */ = {
			isa = XCBuildConfiguration;
			buildSettings = {
				ALWAYS_EMBED_SWIFT_STANDARD_LIBRARIES = YES;
				CODE_SIGN_STYLE = Automatic;
				INFOPLIST_FILE = MyProfilePageUITests/Info.plist;
				LD_RUNPATH_SEARCH_PATHS = (
					"$(inherited)",
					"@executable_path/Frameworks",
					"@loader_path/Frameworks",
				);
				PRODUCT_BUNDLE_IDENTIFIER = metropolia.MyProfilePageUITests;
				PRODUCT_NAME = "$(TARGET_NAME)";
				SWIFT_VERSION = 4.2;
				TARGETED_DEVICE_FAMILY = "1,2";
				TEST_TARGET_NAME = MyProfilePage;
			};
			name = Debug;
		};
		6AA5DD342282ECD000162B99 /* Release */ = {
			isa = XCBuildConfiguration;
			buildSettings = {
				ALWAYS_EMBED_SWIFT_STANDARD_LIBRARIES = YES;
				CODE_SIGN_STYLE = Automatic;
				INFOPLIST_FILE = MyProfilePageUITests/Info.plist;
				LD_RUNPATH_SEARCH_PATHS = (
					"$(inherited)",
					"@executable_path/Frameworks",
					"@loader_path/Frameworks",
				);
				PRODUCT_BUNDLE_IDENTIFIER = metropolia.MyProfilePageUITests;
				PRODUCT_NAME = "$(TARGET_NAME)";
				SWIFT_VERSION = 4.2;
				TARGETED_DEVICE_FAMILY = "1,2";
				TEST_TARGET_NAME = MyProfilePage;
			};
			name = Release;
		};
/* End XCBuildConfiguration section */

/* Begin XCConfigurationList section */
		6AA5DCFF2282ECCD00162B99 /* Build configuration list for PBXProject "MyProfilePage" */ = {
			isa = XCConfigurationList;
			buildConfigurations = (
				6AA5DD2A2282ECD000162B99 /* Debug */,
				6AA5DD2B2282ECD000162B99 /* Release */,
			);
			defaultConfigurationIsVisible = 0;
			defaultConfigurationName = Release;
		};
		6AA5DD2C2282ECD000162B99 /* Build configuration list for PBXNativeTarget "MyProfilePage" */ = {
			isa = XCConfigurationList;
			buildConfigurations = (
				6AA5DD2D2282ECD000162B99 /* Debug */,
				6AA5DD2E2282ECD000162B99 /* Release */,
			);
			defaultConfigurationIsVisible = 0;
			defaultConfigurationName = Release;
		};
		6AA5DD2F2282ECD000162B99 /* Build configuration list for PBXNativeTarget "MyProfilePageTests" */ = {
			isa = XCConfigurationList;
			buildConfigurations = (
				6AA5DD302282ECD000162B99 /* Debug */,
				6AA5DD312282ECD000162B99 /* Release */,
			);
			defaultConfigurationIsVisible = 0;
			defaultConfigurationName = Release;
		};
		6AA5DD322282ECD000162B99 /* Build configuration list for PBXNativeTarget "MyProfilePageUITests" */ = {
			isa = XCConfigurationList;
			buildConfigurations = (
				6AA5DD332282ECD000162B99 /* Debug */,
				6AA5DD342282ECD000162B99 /* Release */,
			);
			defaultConfigurationIsVisible = 0;
			defaultConfigurationName = Release;
		};
/* End XCConfigurationList section */
	};
	rootObject = 6AA5DCFC2282ECCD00162B99 /* Project object */;
}
